
Microsoft Visual Studio Solution File, Format Version 12.00
# Visual Studio Version 17
VisualStudioVersion = 17.5.33530.505
MinimumVisualStudioVersion = 10.0.40219.1
Project("{FAE04EC0-301F-11D3-BF4B-00C04F79EFBC}") = "APIVENDAS", "APIVENDAS\APIVENDAS.csproj", "{9C4D95CB-C40D-4592-9CEA-BF8F7370E74D}"
EndProject
Project("{FAE04EC0-301F-11D3-BF4B-00C04F79EFBC}") = "Cliente", "Cliente\Cliente.csproj", "{BF86EFDC-FB59-48C5-9FDE-1F048F24FD0B}"
EndProject
Project("{FAE04EC0-301F-11D3-BF4B-00C04F79EFBC}") = "Transportadora", "Transportadora\Transportadora.csproj", "{C74005E8-9AEF-4DDB-ADDC-4081277B062E}"
EndProject
Project("{FAE04EC0-301F-11D3-BF4B-00C04F79EFBC}") = "Vendedor", "Vendedor\Vendedor.csproj", "{37E0782D-8DBE-468A-9526-BDAE9B3BE17E}"
EndProject
Project("{9A19103F-16F7-4668-BE54-9A1E7A4F7556}") = "APIVENDASCORE", "APIVENDASCORE\APIVENDASCORE.csproj", "{815B558C-E34C-4046-80B1-9E77DD31D94E}"
EndProject
Global
	GlobalSection(SolutionConfigurationPlatforms) = preSolution
		Debug|Any CPU = Debug|Any CPU
		Release|Any CPU = Release|Any CPU
	EndGlobalSection
	GlobalSection(ProjectConfigurationPlatforms) = postSolution
		{9C4D95CB-C40D-4592-9CEA-BF8F7370E74D}.Debug|Any CPU.ActiveCfg = Debug|Any CPU
		{9C4D95CB-C40D-4592-9CEA-BF8F7370E74D}.Debug|Any CPU.Build.0 = Debug|Any CPU
		{9C4D95CB-C40D-4592-9CEA-BF8F7370E74D}.Release|Any CPU.ActiveCfg = Release|Any CPU
		{9C4D95CB-C40D-4592-9CEA-BF8F7370E74D}.Release|Any CPU.Build.0 = Release|Any CPU
		{BF86EFDC-FB59-48C5-9FDE-1F048F24FD0B}.Debug|Any CPU.ActiveCfg = Debug|Any CPU
		{BF86EFDC-FB59-48C5-9FDE-1F048F24FD0B}.Debug|Any CPU.Build.0 = Debug|Any CPU
		{BF86EFDC-FB59-48C5-9FDE-1F048F24FD0B}.Release|Any CPU.ActiveCfg = Release|Any CPU
		{BF86EFDC-FB59-48C5-9FDE-1F048F24FD0B}.Release|Any CPU.Build.0 = Release|Any CPU
		{C74005E8-9AEF-4DDB-ADDC-4081277B062E}.Debug|Any CPU.ActiveCfg = Debug|Any CPU
		{C74005E8-9AEF-4DDB-ADDC-4081277B062E}.Debug|Any CPU.Build.0 = Debug|Any CPU
		{C74005E8-9AEF-4DDB-ADDC-4081277B062E}.Release|Any CPU.ActiveCfg = Release|Any CPU
		{C74005E8-9AEF-4DDB-ADDC-4081277B062E}.Release|Any CPU.Build.0 = Release|Any CPU
		{37E0782D-8DBE-468A-9526-BDAE9B3BE17E}.Debug|Any CPU.ActiveCfg = Debug|Any CPU
		{37E0782D-8DBE-468A-9526-BDAE9B3BE17E}.Debug|Any CPU.Build.0 = Debug|Any CPU
		{37E0782D-8DBE-468A-9526-BDAE9B3BE17E}.Release|Any CPU.ActiveCfg = Release|Any CPU
		{37E0782D-8DBE-468A-9526-BDAE9B3BE17E}.Release|Any CPU.Build.0 = Release|Any CPU
		{815B558C-E34C-4046-80B1-9E77DD31D94E}.Debug|Any CPU.ActiveCfg = Debug|Any CPU
		{815B558C-E34C-4046-80B1-9E77DD31D94E}.Debug|Any CPU.Build.0 = Debug|Any CPU
		{815B558C-E34C-4046-80B1-9E77DD31D94E}.Release|Any CPU.ActiveCfg = Release|Any CPU
		{815B558C-E34C-4046-80B1-9E77DD31D94E}.Release|Any CPU.Build.0 = Release|Any CPU
	EndGlobalSection
	GlobalSection(SolutionProperties) = preSolution
		HideSolutionNode = FALSE
	EndGlobalSection
	GlobalSection(ExtensibilityGlobals) = postSolution
		SolutionGuid = {D14875CC-8C89-43F9-BE7D-6C82FDB61D8C}
	EndGlobalSection
EndGlobal
